{
    "_readme": [
        "This file locks the dependencies of your project to a known state",
        "Read more about it at https://getcomposer.org/doc/01-basic-usage.md#installing-dependencies",
        "This file is @generated automatically"
    ],
    "content-hash": "e5029bbd91cdd3805333e85759bbc6df",
    "packages": [
        {
            "name": "kinglozzer/tinypng",
            "version": "0.1.0",
            "source": {
                "type": "git",
                "url": "https://github.com/kinglozzer/tinypng.git",
                "reference": "8ed59147c6b5a6b99ad8b1ae866923a844914508"
            },
            "dist": {
                "type": "zip",
                "url": "https://api.github.com/repos/kinglozzer/tinypng/zipball/8ed59147c6b5a6b99ad8b1ae866923a844914508",
                "reference": "8ed59147c6b5a6b99ad8b1ae866923a844914508",
                "shasum": "",
                "mirrors": [
                    {
                        "url": "https://dl.laravel-china.org/%package%/%reference%.%type%",
                        "preferred": true
                    }
                ]
            },
            "require": {
                "php": ">=5.3.3"
            },
            "require-dev": {
                "phpunit/phpunit": "~4.2"
            },
            "type": "library",
            "autoload": {
                "psr-4": {
                    "Kinglozzer\\TinyPng\\": "src/"
                }
            },
            "notification-url": "https://packagist.org/downloads/",
            "license": [
                "BSD-3-Clause"
            ],
            "description": "TinyPNG PHP API",
            "keywords": [
                "compression",
                "image",
                "jpg",
                "php",
                "png",
                "tinyjpg",
                "tinypng"
            ],
            "time": "2015-01-30T15:01:16+00:00"
        }
    ],
    "packages-dev": [],
    "aliases": [],
    "minimum-stability": "stable",
    "stability-flags": [],
    "prefer-stable": false,
    "prefer-lowest": false,
    "platform": [],
    "platform-dev": []
}
